
Microsoft Visual Studio Solution File, Format Version 12.00
# Visual Studio Version 17
VisualStudioVersion = 17.2.32505.173
MinimumVisualStudioVersion = 10.0.40219.1
Project("{8BC9CEB8-8B4A-11D0-8D11-00A0C91BC942}") = "LongestCommonSubsequences", "LongestCommonSubsequences.vcxproj", "{5924012A-8197-48E9-A480-B7E703387584}"
EndProject
Global
	GlobalSection(SolutionConfigurationPlatforms) = preSolution
		Debug|x64 = Debug|x64
		Debug|x86 = Debug|x86
		Release|x64 = Release|x64
		Release|x86 = Release|x86
	EndGlobalSection
	GlobalSection(ProjectConfigurationPlatforms) = postSolution
		{5924012A-8197-48E9-A480-B7E703387584}.Debug|x64.ActiveCfg = Debug|x64
		{5924012A-8197-48E9-A480-B7E703387584}.Debug|x64.Build.0 = Debug|x64
		{5924012A-8197-48E9-A480-B7E703387584}.Debug|x86.ActiveCfg = Debug|Win32
		{5924012A-8197-48E9-A480-B7E703387584}.Debug|x86.Build.0 = Debug|Win32
		{5924012A-8197-48E9-A480-B7E703387584}.Release|x64.ActiveCfg = Release|x64
		{5924012A-8197-48E9-A480-B7E703387584}.Release|x64.Build.0 = Release|x64
		{5924012A-8197-48E9-A480-B7E703387584}.Release|x86.ActiveCfg = Release|Win32
		{5924012A-8197-48E9-A480-B7E703387584}.Release|x86.Build.0 = Release|Win32
	EndGlobalSection
	GlobalSection(SolutionProperties) = preSolution
		HideSolutionNode = FALSE
	EndGlobalSection
	GlobalSection(ExtensibilityGlobals) = postSolution
		SolutionGuid = {9A74B07B-A39E-40B2-B804-BC2151626C0D}
	EndGlobalSection
EndGlobal
